
Microsoft Visual Studio Solution File, Format Version 12.00
# Visual Studio Version 16
VisualStudioVersion = 16.0.34601.136
MinimumVisualStudioVersion = 10.0.40219.1
Project("{FAE04EC0-301F-11D3-BF4B-00C04F79EFBC}") = "CL.WebApi", "CL.WebApi\CL.WebApi.csproj", "{DA7712CC-27E0-4290-9496-07C223A78051}"
EndProject
Project("{2150E333-8FDC-42A3-9474-1A3956D46DE8}") = "01.CL.WebApi", "01.CL.WebApi", "{370CA384-4E6B-4A24-86E7-A5050652FFB3}"
EndProject
Project("{2150E333-8FDC-42A3-9474-1A3956D46DE8}") = "02.CL.Manager", "02.CL.Manager", "{D97B6665-CACC-42C9-BD5E-1343C7BD9BF9}"
EndProject
Project("{2150E333-8FDC-42A3-9474-1A3956D46DE8}") = "03.CL.Data", "03.CL.Data", "{EF2EBAFB-CCCB-4662-ABD6-9685F6ABE7B2}"
EndProject
Project("{2150E333-8FDC-42A3-9474-1A3956D46DE8}") = "04.CL.Core", "04.CL.Core", "{0090ED83-5056-418D-BFE2-1642C3D3961E}"
EndProject
Project("{2150E333-8FDC-42A3-9474-1A3956D46DE8}") = "05.CL.Tests", "05.CL.Tests", "{2E72E5A0-A7C8-4483-A4B1-3D00376758E1}"
EndProject
Project("{FAE04EC0-301F-11D3-BF4B-00C04F79EFBC}") = "CL.Manager", "CL.Manager\CL.Manager.csproj", "{B1426100-9707-495E-8BA6-599C54F61B7A}"
EndProject
Project("{FAE04EC0-301F-11D3-BF4B-00C04F79EFBC}") = "CL.Data", "CL.Data\CL.Data.csproj", "{CE6F8C19-C406-4924-9674-B3F7B82E0F85}"
EndProject
Project("{FAE04EC0-301F-11D3-BF4B-00C04F79EFBC}") = "CL.Core", "CL.Core\CL.Core.csproj", "{A3FBB63E-6991-42A8-99B7-A9A33B005993}"
EndProject
Project("{FAE04EC0-301F-11D3-BF4B-00C04F79EFBC}") = "CL.Tests", "CL.Tests\CL.Tests.csproj", "{15525C45-7826-40C8-8FE6-7007C5C44011}"
EndProject
Global
	GlobalSection(SolutionConfigurationPlatforms) = preSolution
		Debug|Any CPU = Debug|Any CPU
		Release|Any CPU = Release|Any CPU
	EndGlobalSection
	GlobalSection(ProjectConfigurationPlatforms) = postSolution
		{DA7712CC-27E0-4290-9496-07C223A78051}.Debug|Any CPU.ActiveCfg = Debug|Any CPU
		{DA7712CC-27E0-4290-9496-07C223A78051}.Debug|Any CPU.Build.0 = Debug|Any CPU
		{DA7712CC-27E0-4290-9496-07C223A78051}.Release|Any CPU.ActiveCfg = Release|Any CPU
		{DA7712CC-27E0-4290-9496-07C223A78051}.Release|Any CPU.Build.0 = Release|Any CPU
		{B1426100-9707-495E-8BA6-599C54F61B7A}.Debug|Any CPU.ActiveCfg = Debug|Any CPU
		{B1426100-9707-495E-8BA6-599C54F61B7A}.Debug|Any CPU.Build.0 = Debug|Any CPU
		{B1426100-9707-495E-8BA6-599C54F61B7A}.Release|Any CPU.ActiveCfg = Release|Any CPU
		{B1426100-9707-495E-8BA6-599C54F61B7A}.Release|Any CPU.Build.0 = Release|Any CPU
		{CE6F8C19-C406-4924-9674-B3F7B82E0F85}.Debug|Any CPU.ActiveCfg = Debug|Any CPU
		{CE6F8C19-C406-4924-9674-B3F7B82E0F85}.Debug|Any CPU.Build.0 = Debug|Any CPU
		{CE6F8C19-C406-4924-9674-B3F7B82E0F85}.Release|Any CPU.ActiveCfg = Release|Any CPU
		{CE6F8C19-C406-4924-9674-B3F7B82E0F85}.Release|Any CPU.Build.0 = Release|Any CPU
		{A3FBB63E-6991-42A8-99B7-A9A33B005993}.Debug|Any CPU.ActiveCfg = Debug|Any CPU
		{A3FBB63E-6991-42A8-99B7-A9A33B005993}.Debug|Any CPU.Build.0 = Debug|Any CPU
		{A3FBB63E-6991-42A8-99B7-A9A33B005993}.Release|Any CPU.ActiveCfg = Release|Any CPU
		{A3FBB63E-6991-42A8-99B7-A9A33B005993}.Release|Any CPU.Build.0 = Release|Any CPU
		{15525C45-7826-40C8-8FE6-7007C5C44011}.Debug|Any CPU.ActiveCfg = Debug|Any CPU
		{15525C45-7826-40C8-8FE6-7007C5C44011}.Debug|Any CPU.Build.0 = Debug|Any CPU
		{15525C45-7826-40C8-8FE6-7007C5C44011}.Release|Any CPU.ActiveCfg = Release|Any CPU
		{15525C45-7826-40C8-8FE6-7007C5C44011}.Release|Any CPU.Build.0 = Release|Any CPU
	EndGlobalSection
	GlobalSection(SolutionProperties) = preSolution
		HideSolutionNode = FALSE
	EndGlobalSection
	GlobalSection(NestedProjects) = preSolution
		{DA7712CC-27E0-4290-9496-07C223A78051} = {370CA384-4E6B-4A24-86E7-A5050652FFB3}
		{B1426100-9707-495E-8BA6-599C54F61B7A} = {D97B6665-CACC-42C9-BD5E-1343C7BD9BF9}
		{CE6F8C19-C406-4924-9674-B3F7B82E0F85} = {EF2EBAFB-CCCB-4662-ABD6-9685F6ABE7B2}
		{A3FBB63E-6991-42A8-99B7-A9A33B005993} = {0090ED83-5056-418D-BFE2-1642C3D3961E}
		{15525C45-7826-40C8-8FE6-7007C5C44011} = {2E72E5A0-A7C8-4483-A4B1-3D00376758E1}
	EndGlobalSection
	GlobalSection(ExtensibilityGlobals) = postSolution
		SolutionGuid = {58FE6D20-A5B0-4ED8-BCD5-6BCAC8D5DC93}
	EndGlobalSection
EndGlobal
